// !$*UTF8*$!
{
	archiveVersion = 1;
	classes = {
	};
	objectVersion = 50;
	objects = {

/* Begin PBXBuildFile section */
		6631CD56C5E727FD8CCFFD36 /* Pods_mapsearchUITests.framework in Frameworks */ = {isa = PBXBuildFile; fileRef = E64B7A04541CC3DBA81187AF /* Pods_mapsearchUITests.framework */; };
		890E10282071855100C903C3 /* DataManager.swift in Sources */ = {isa = PBXBuildFile; fileRef = 890E10272071855100C903C3 /* DataManager.swift */; };
		890E102E2071A6C900C903C3 /* UIView+Animate.swift in Sources */ = {isa = PBXBuildFile; fileRef = 890E102D2071A6C900C903C3 /* UIView+Animate.swift */; };
		890E10302071AFE200C903C3 /* LocationStorage.swift in Sources */ = {isa = PBXBuildFile; fileRef = 890E102F2071AFE200C903C3 /* LocationStorage.swift */; };
		89762B3920710AAA001AE3E7 /* Location.swift in Sources */ = {isa = PBXBuildFile; fileRef = 89762B3820710AAA001AE3E7 /* Location.swift */; };
		89762B3C20711198001AE3E7 /* UIViewController+PresentAlert.swift in Sources */ = {isa = PBXBuildFile; fileRef = 89762B3B20711198001AE3E7 /* UIViewController+PresentAlert.swift */; };
		89762B7A20711C30001AE3E7 /* UIView+Utils.swift in Sources */ = {isa = PBXBuildFile; fileRef = 89762B7920711C30001AE3E7 /* UIView+Utils.swift */; };
		89762B8120713B28001AE3E7 /* BlurredUIView.swift in Sources */ = {isa = PBXBuildFile; fileRef = 89762B8020713B28001AE3E7 /* BlurredUIView.swift */; };
		89A390FD207048FF0095EEB4 /* AppDelegate.swift in Sources */ = {isa = PBXBuildFile; fileRef = 89A390FC207048FF0095EEB4 /* AppDelegate.swift */; };
		89A39101207048FF0095EEB4 /* MapViewController.swift in Sources */ = {isa = PBXBuildFile; fileRef = 89A39100207048FF0095EEB4 /* MapViewController.swift */; };
		89A39104207048FF0095EEB4 /* Main.storyboard in Resources */ = {isa = PBXBuildFile; fileRef = 89A39102207048FF0095EEB4 /* Main.storyboard */; };
		89A39106207049000095EEB4 /* Assets.xcassets in Resources */ = {isa = PBXBuildFile; fileRef = 89A39105207049000095EEB4 /* Assets.xcassets */; };
		89A39109207049000095EEB4 /* LaunchScreen.storyboard in Resources */ = {isa = PBXBuildFile; fileRef = 89A39107207049000095EEB4 /* LaunchScreen.storyboard */; };
		89A39114207049000095EEB4 /* mapsearchTests.swift in Sources */ = {isa = PBXBuildFile; fileRef = 89A39113207049000095EEB4 /* mapsearchTests.swift */; };
		89A3911F207049000095EEB4 /* mapsearchUITests.swift in Sources */ = {isa = PBXBuildFile; fileRef = 89A3911E207049000095EEB4 /* mapsearchUITests.swift */; };
		89A3912F20704EF80095EEB4 /* R.swift in Sources */ = {isa = PBXBuildFile; fileRef = 89A3912E20704EF80095EEB4 /* R.swift */; };
		89C18E0820756A4900A5A58B /* MapView.swift in Sources */ = {isa = PBXBuildFile; fileRef = 89C18E0720756A4900A5A58B /* MapView.swift */; };
		89DCCDD62071467F002EA345 /* SearchLocationViewController.swift in Sources */ = {isa = PBXBuildFile; fileRef = 89DCCDD52071467F002EA345 /* SearchLocationViewController.swift */; };
		89DCCDDA20717D1A002EA345 /* LocationTableViewCell.swift in Sources */ = {isa = PBXBuildFile; fileRef = 89DCCDD920717D1A002EA345 /* LocationTableViewCell.swift */; };
		89DCCDDC20718082002EA345 /* LocationService.swift in Sources */ = {isa = PBXBuildFile; fileRef = 89DCCDDB20718082002EA345 /* LocationService.swift */; };
		89E9303A20763EDC00DAE3B7 /* Localizable.strings in Resources */ = {isa = PBXBuildFile; fileRef = 89E9303C20763EDC00DAE3B7 /* Localizable.strings */; };
		89E9303F20763EF800DAE3B7 /* String+Localized.swift in Sources */ = {isa = PBXBuildFile; fileRef = 89E9303E20763EF800DAE3B7 /* String+Localized.swift */; };
		B377B151CD8825C09659EF30 /* Pods_mapsearchTests.framework in Frameworks */ = {isa = PBXBuildFile; fileRef = 99C983B4FCC76EB449B669BA /* Pods_mapsearchTests.framework */; };
		FB7B10BAC2C504A203F4DD5C /* Pods_mapsearch.framework in Frameworks */ = {isa = PBXBuildFile; fileRef = 8264CA7B42ABCAFCB8D8ED24 /* Pods_mapsearch.framework */; };
/* End PBXBuildFile section */

/* Begin PBXContainerItemProxy section */
		89A39110207049000095EEB4 /* PBXContainerItemProxy */ = {
			isa = PBXContainerItemProxy;
			containerPortal = 89A390F1207048FF0095EEB4 /* Project object */;
			proxyType = 1;
			remoteGlobalIDString = 89A390F8207048FF0095EEB4;
			remoteInfo = mapsearch;
		};
		89A3911B207049000095EEB4 /* PBXContainerItemProxy */ = {
			isa = PBXContainerItemProxy;
			containerPortal = 89A390F1207048FF0095EEB4 /* Project object */;
			proxyType = 1;
			remoteGlobalIDString = 89A390F8207048FF0095EEB4;
			remoteInfo = mapsearch;
		};
/* End PBXContainerItemProxy section */

/* Begin PBXFileReference section */
		39BD5A367A54816EAB4637DB /* Pods-mapsearchTests.release.xcconfig */ = {isa = PBXFileReference; includeInIndex = 1; lastKnownFileType = text.xcconfig; name = "Pods-mapsearchTests.release.xcconfig"; path = "Pods/Target Support Files/Pods-mapsearchTests/Pods-mapsearchTests.release.xcconfig"; sourceTree = "<group>"; };
		4137A82F435B99C7271246AC /* Pods-mapsearch.debug.xcconfig */ = {isa = PBXFileReference; includeInIndex = 1; lastKnownFileType = text.xcconfig; name = "Pods-mapsearch.debug.xcconfig"; path = "Pods/Target Support Files/Pods-mapsearch/Pods-mapsearch.debug.xcconfig"; sourceTree = "<group>"; };
		420E00D6C3F01B4272271922 /* Pods-mapsearchTests.debug.xcconfig */ = {isa = PBXFileReference; includeInIndex = 1; lastKnownFileType = text.xcconfig; name = "Pods-mapsearchTests.debug.xcconfig"; path = "Pods/Target Support Files/Pods-mapsearchTests/Pods-mapsearchTests.debug.xcconfig"; sourceTree = "<group>"; };
		8264CA7B42ABCAFCB8D8ED24 /* Pods_mapsearch.framework */ = {isa = PBXFileReference; explicitFileType = wrapper.framework; includeInIndex = 0; path = Pods_mapsearch.framework; sourceTree = BUILT_PRODUCTS_DIR; };
		890E10272071855100C903C3 /* DataManager.swift */ = {isa = PBXFileReference; lastKnownFileType = sourcecode.swift; path = DataManager.swift; sourceTree = "<group>"; };
		890E102D2071A6C900C903C3 /* UIView+Animate.swift */ = {isa = PBXFileReference; lastKnownFileType = sourcecode.swift; path = "UIView+Animate.swift"; sourceTree = "<group>"; };
		890E102F2071AFE200C903C3 /* LocationStorage.swift */ = {isa = PBXFileReference; lastKnownFileType = sourcecode.swift; path = LocationStorage.swift; sourceTree = "<group>"; };
		89762B3820710AAA001AE3E7 /* Location.swift */ = {isa = PBXFileReference; lastKnownFileType = sourcecode.swift; path = Location.swift; sourceTree = "<group>"; };
		89762B3B20711198001AE3E7 /* UIViewController+PresentAlert.swift */ = {isa = PBXFileReference; lastKnownFileType = sourcecode.swift; path = "UIViewController+PresentAlert.swift"; sourceTree = "<group>"; };
		89762B7920711C30001AE3E7 /* UIView+Utils.swift */ = {isa = PBXFileReference; lastKnownFileType = sourcecode.swift; path = "UIView+Utils.swift"; sourceTree = "<group>"; };
		89762B8020713B28001AE3E7 /* BlurredUIView.swift */ = {isa = PBXFileReference; lastKnownFileType = sourcecode.swift; path = BlurredUIView.swift; sourceTree = "<group>"; };
		89A390F9207048FF0095EEB4 /* mapsearch.app */ = {isa = PBXFileReference; explicitFileType = wrapper.application; includeInIndex = 0; path = mapsearch.app; sourceTree = BUILT_PRODUCTS_DIR; };
		89A390FC207048FF0095EEB4 /* AppDelegate.swift */ = {isa = PBXFileReference; lastKnownFileType = sourcecode.swift; path = AppDelegate.swift; sourceTree = "<group>"; };
		89A39100207048FF0095EEB4 /* MapViewController.swift */ = {isa = PBXFileReference; lastKnownFileType = sourcecode.swift; path = MapViewController.swift; sourceTree = "<group>"; };
		89A39103207048FF0095EEB4 /* Base */ = {isa = PBXFileReference; lastKnownFileType = file.storyboard; name = Base; path = Base.lproj/Main.storyboard; sourceTree = "<group>"; };
		89A39105207049000095EEB4 /* Assets.xcassets */ = {isa = PBXFileReference; lastKnownFileType = folder.assetcatalog; path = Assets.xcassets; sourceTree = "<group>"; };
		89A39108207049000095EEB4 /* Base */ = {isa = PBXFileReference; lastKnownFileType = file.storyboard; name = Base; path = Base.lproj/LaunchScreen.storyboard; sourceTree = "<group>"; };
		89A3910A207049000095EEB4 /* Info.plist */ = {isa = PBXFileReference; lastKnownFileType = text.plist.xml; path = Info.plist; sourceTree = "<group>"; };
		89A3910F207049000095EEB4 /* mapsearchTests.xctest */ = {isa = PBXFileReference; explicitFileType = wrapper.cfbundle; includeInIndex = 0; path = mapsearchTests.xctest; sourceTree = BUILT_PRODUCTS_DIR; };
		89A39113207049000095EEB4 /* mapsearchTests.swift */ = {isa = PBXFileReference; lastKnownFileType = sourcecode.swift; path = mapsearchTests.swift; sourceTree = "<group>"; };
		89A39115207049000095EEB4 /* Info.plist */ = {isa = PBXFileReference; lastKnownFileType = text.plist.xml; path = Info.plist; sourceTree = "<group>"; };
		89A3911A207049000095EEB4 /* mapsearchUITests.xctest */ = {isa = PBXFileReference; explicitFileType = wrapper.cfbundle; includeInIndex = 0; path = mapsearchUITests.xctest; sourceTree = BUILT_PRODUCTS_DIR; };
		89A3911E207049000095EEB4 /* mapsearchUITests.swift */ = {isa = PBXFileReference; lastKnownFileType = sourcecode.swift; path = mapsearchUITests.swift; sourceTree = "<group>"; };
		89A39120207049000095EEB4 /* Info.plist */ = {isa = PBXFileReference; lastKnownFileType = text.plist.xml; path = Info.plist; sourceTree = "<group>"; };
		89A3912E20704EF80095EEB4 /* R.swift */ = {isa = PBXFileReference; lastKnownFileType = sourcecode.swift; path = R.swift; sourceTree = "<group>"; };
		89C18E0720756A4900A5A58B /* MapView.swift */ = {isa = PBXFileReference; lastKnownFileType = sourcecode.swift; path = MapView.swift; sourceTree = "<group>"; };
		89DCCDD52071467F002EA345 /* SearchLocationViewController.swift */ = {isa = PBXFileReference; lastKnownFileType = sourcecode.swift; path = SearchLocationViewController.swift; sourceTree = "<group>"; };
		89DCCDD920717D1A002EA345 /* LocationTableViewCell.swift */ = {isa = PBXFileReference; lastKnownFileType = sourcecode.swift; path = LocationTableViewCell.swift; sourceTree = "<group>"; };
		89DCCDDB20718082002EA345 /* LocationService.swift */ = {isa = PBXFileReference; lastKnownFileType = sourcecode.swift; path = LocationService.swift; sourceTree = "<group>"; };
		89E9303820763ED500DAE3B7 /* fr */ = {isa = PBXFileReference; lastKnownFileType = text.plist.strings; name = fr; path = fr.lproj/Main.strings; sourceTree = "<group>"; };
		89E9303920763ED600DAE3B7 /* fr */ = {isa = PBXFileReference; lastKnownFileType = text.plist.strings; name = fr; path = fr.lproj/LaunchScreen.strings; sourceTree = "<group>"; };
		89E9303B20763EDC00DAE3B7 /* en */ = {isa = PBXFileReference; lastKnownFileType = text.plist.strings; name = en; path = en.lproj/Localizable.strings; sourceTree = "<group>"; };
		89E9303D20763EDF00DAE3B7 /* fr */ = {isa = PBXFileReference; lastKnownFileType = text.plist.strings; name = fr; path = fr.lproj/Localizable.strings; sourceTree = "<group>"; };
		89E9303E20763EF800DAE3B7 /* String+Localized.swift */ = {isa = PBXFileReference; lastKnownFileType = sourcecode.swift; path = "String+Localized.swift"; sourceTree = "<group>"; };
		99C983B4FCC76EB449B669BA /* Pods_mapsearchTests.framework */ = {isa = PBXFileReference; explicitFileType = wrapper.framework; includeInIndex = 0; path = Pods_mapsearchTests.framework; sourceTree = BUILT_PRODUCTS_DIR; };
		9B2F8F900B28413743817D06 /* Pods-mapsearchUITests.release.xcconfig */ = {isa = PBXFileReference; includeInIndex = 1; lastKnownFileType = text.xcconfig; name = "Pods-mapsearchUITests.release.xcconfig"; path = "Pods/Target Support Files/Pods-mapsearchUITests/Pods-mapsearchUITests.release.xcconfig"; sourceTree = "<group>"; };
		D6ED715AC29D4FD3A41FC0B9 /* Pods-mapsearch.release.xcconfig */ = {isa = PBXFileReference; includeInIndex = 1; lastKnownFileType = text.xcconfig; name = "Pods-mapsearch.release.xcconfig"; path = "Pods/Target Support Files/Pods-mapsearch/Pods-mapsearch.release.xcconfig"; sourceTree = "<group>"; };
		D7B95DFF88255E1FE14C08FD /* Pods-mapsearchUITests.debug.xcconfig */ = {isa = PBXFileReference; includeInIndex = 1; lastKnownFileType = text.xcconfig; name = "Pods-mapsearchUITests.debug.xcconfig"; path = "Pods/Target Support Files/Pods-mapsearchUITests/Pods-mapsearchUITests.debug.xcconfig"; sourceTree = "<group>"; };
		E64B7A04541CC3DBA81187AF /* Pods_mapsearchUITests.framework */ = {isa = PBXFileReference; explicitFileType = wrapper.framework; includeInIndex = 0; path = Pods_mapsearchUITests.framework; sourceTree = BUILT_PRODUCTS_DIR; };
/* End PBXFileReference section */

/* Begin PBXFrameworksBuildPhase section */
		89A390F6207048FF0095EEB4 /* Frameworks */ = {
			isa = PBXFrameworksBuildPhase;
			buildActionMask = 2147483647;
			files = (
				FB7B10BAC2C504A203F4DD5C /* Pods_mapsearch.framework in Frameworks */,
			);
			runOnlyForDeploymentPostprocessing = 0;
		};
		89A3910C207049000095EEB4 /* Frameworks */ = {
			isa = PBXFrameworksBuildPhase;
			buildActionMask = 2147483647;
			files = (
				B377B151CD8825C09659EF30 /* Pods_mapsearchTests.framework in Frameworks */,
			);
			runOnlyForDeploymentPostprocessing = 0;
		};
		89A39117207049000095EEB4 /* Frameworks */ = {
			isa = PBXFrameworksBuildPhase;
			buildActionMask = 2147483647;
			files = (
				6631CD56C5E727FD8CCFFD36 /* Pods_mapsearchUITests.framework in Frameworks */,
			);
			runOnlyForDeploymentPostprocessing = 0;
		};
/* End PBXFrameworksBuildPhase section */

/* Begin PBXGroup section */
		0AC5DD27B71A2EAC331D65C9 /* Pods */ = {
			isa = PBXGroup;
			children = (
				4137A82F435B99C7271246AC /* Pods-mapsearch.debug.xcconfig */,
				D6ED715AC29D4FD3A41FC0B9 /* Pods-mapsearch.release.xcconfig */,
				420E00D6C3F01B4272271922 /* Pods-mapsearchTests.debug.xcconfig */,
				39BD5A367A54816EAB4637DB /* Pods-mapsearchTests.release.xcconfig */,
				D7B95DFF88255E1FE14C08FD /* Pods-mapsearchUITests.debug.xcconfig */,
				9B2F8F900B28413743817D06 /* Pods-mapsearchUITests.release.xcconfig */,
			);
			name = Pods;
			sourceTree = "<group>";
		};
		8968F2572070511200AF2AE0 /* Model */ = {
			isa = PBXGroup;
			children = (
				8968F2582070511F00AF2AE0 /* Storage */,
				89A39130207050E40095EEB4 /* Services */,
				89762B3820710AAA001AE3E7 /* Location.swift */,
				890E10272071855100C903C3 /* DataManager.swift */,
			);
			name = Model;
			sourceTree = "<group>";
		};
		8968F2582070511F00AF2AE0 /* Storage */ = {
			isa = PBXGroup;
			children = (
				890E102F2071AFE200C903C3 /* LocationStorage.swift */,
			);
			name = Storage;
			sourceTree = "<group>";
		};
		89762B3A20711186001AE3E7 /* Utils */ = {
			isa = PBXGroup;
			children = (
				89E9303E20763EF800DAE3B7 /* String+Localized.swift */,
				890E102D2071A6C900C903C3 /* UIView+Animate.swift */,
				89762B7920711C30001AE3E7 /* UIView+Utils.swift */,
				89762B3B20711198001AE3E7 /* UIViewController+PresentAlert.swift */,
			);
			name = Utils;
			sourceTree = "<group>";
		};
		89762B7F20713B1A001AE3E7 /* Components */ = {
			isa = PBXGroup;
			children = (
				89762B8020713B28001AE3E7 /* BlurredUIView.swift */,
				89C18E0720756A4900A5A58B /* MapView.swift */,
			);
			name = Components;
			sourceTree = "<group>";
		};
		899ACC482070513F00CAF7AC /* Scene */ = {
			isa = PBXGroup;
			children = (
				89A39100207048FF0095EEB4 /* MapViewController.swift */,
				89DCCDD52071467F002EA345 /* SearchLocationViewController.swift */,
				89DCCDD920717D1A002EA345 /* LocationTableViewCell.swift */,
				89A39102207048FF0095EEB4 /* Main.storyboard */,
			);
			name = Scene;
			sourceTree = "<group>";
		};
		89A390F0207048FF0095EEB4 = {
			isa = PBXGroup;
			children = (
				89A390FB207048FF0095EEB4 /* MapSearch */,
				89A39112207049000095EEB4 /* mapsearchTests */,
				89A3911D207049000095EEB4 /* mapsearchUITests */,
				89A390FA207048FF0095EEB4 /* Products */,
				0AC5DD27B71A2EAC331D65C9 /* Pods */,
				94F18A9D79D12B401FDA000F /* Frameworks */,
			);
			sourceTree = "<group>";
		};
		89A390FA207048FF0095EEB4 /* Products */ = {
			isa = PBXGroup;
			children = (
				89A390F9207048FF0095EEB4 /* mapsearch.app */,
				89A3910F207049000095EEB4 /* mapsearchTests.xctest */,
				89A3911A207049000095EEB4 /* mapsearchUITests.xctest */,
			);
			name = Products;
			sourceTree = "<group>";
		};
		89A390FB207048FF0095EEB4 /* MapSearch */ = {
			isa = PBXGroup;
			children = (
				89762B7F20713B1A001AE3E7 /* Components */,
				89762B3A20711186001AE3E7 /* Utils */,
				899ACC482070513F00CAF7AC /* Scene */,
				8968F2572070511200AF2AE0 /* Model */,
				89A3912D20704EE30095EEB4 /* Resources */,
				89A3912C20704EBA0095EEB4 /* Supporting Files */,
				89A390FC207048FF0095EEB4 /* AppDelegate.swift */,
				89A39107207049000095EEB4 /* LaunchScreen.storyboard */,
			);
			path = MapSearch;
			sourceTree = "<group>";
		};
		89A39112207049000095EEB4 /* mapsearchTests */ = {
			isa = PBXGroup;
			children = (
				89A39113207049000095EEB4 /* mapsearchTests.swift */,
				89A39115207049000095EEB4 /* Info.plist */,
			);
			path = mapsearchTests;
			sourceTree = "<group>";
		};
		89A3911D207049000095EEB4 /* mapsearchUITests */ = {
			isa = PBXGroup;
			children = (
				89A3911E207049000095EEB4 /* mapsearchUITests.swift */,
				89A39120207049000095EEB4 /* Info.plist */,
			);
			path = mapsearchUITests;
			sourceTree = "<group>";
		};
		89A3912C20704EBA0095EEB4 /* Supporting Files */ = {
			isa = PBXGroup;
			children = (
				89A3910A207049000095EEB4 /* Info.plist */,
			);
			name = "Supporting Files";
			sourceTree = "<group>";
		};
		89A3912D20704EE30095EEB4 /* Resources */ = {
			isa = PBXGroup;
			children = (
				89A39105207049000095EEB4 /* Assets.xcassets */,
				89A3912E20704EF80095EEB4 /* R.swift */,
				89E9303C20763EDC00DAE3B7 /* Localizable.strings */,
			);
			name = Resources;
			sourceTree = "<group>";
		};
		89A39130207050E40095EEB4 /* Services */ = {
			isa = PBXGroup;
			children = (
				89DCCDDB20718082002EA345 /* LocationService.swift */,
			);
			name = Services;
			sourceTree = "<group>";
		};
		94F18A9D79D12B401FDA000F /* Frameworks */ = {
			isa = PBXGroup;
			children = (
				8264CA7B42ABCAFCB8D8ED24 /* Pods_mapsearch.framework */,
				99C983B4FCC76EB449B669BA /* Pods_mapsearchTests.framework */,
				E64B7A04541CC3DBA81187AF /* Pods_mapsearchUITests.framework */,
			);
			name = Frameworks;
			sourceTree = "<group>";
		};
/* End PBXGroup section */

/* Begin PBXNativeTarget section */
		89A390F8207048FF0095EEB4 /* mapsearch */ = {
			isa = PBXNativeTarget;
			buildConfigurationList = 89A39123207049000095EEB4 /* Build configuration list for PBXNativeTarget "mapsearch" */;
			buildPhases = (
				32F62546983BADBF06254590 /* [CP] Check Pods Manifest.lock */,
				89A390F5207048FF0095EEB4 /* Sources */,
				89A390F6207048FF0095EEB4 /* Frameworks */,
				89A390F7207048FF0095EEB4 /* Resources */,
				5229013B71647DB7381B8125 /* [CP] Embed Pods Frameworks */,
				7B54EAE3EFFE018C377C93DC /* [CP] Copy Pods Resources */,
			);
			buildRules = (
			);
			dependencies = (
			);
			name = mapsearch;
			productName = mapsearch;
			productReference = 89A390F9207048FF0095EEB4 /* mapsearch.app */;
			productType = "com.apple.product-type.application";
		};
		89A3910E207049000095EEB4 /* mapsearchTests */ = {
			isa = PBXNativeTarget;
			buildConfigurationList = 89A39126207049000095EEB4 /* Build configuration list for PBXNativeTarget "mapsearchTests" */;
			buildPhases = (
				1F9131787E1AD21314C6A3E7 /* [CP] Check Pods Manifest.lock */,
				89A3910B207049000095EEB4 /* Sources */,
				89A3910C207049000095EEB4 /* Frameworks */,
				89A3910D207049000095EEB4 /* Resources */,
				F11E758B8442B9F8391C8A46 /* [CP] Embed Pods Frameworks */,
				8717610F95EC4CF43B4B5EC0 /* [CP] Copy Pods Resources */,
			);
			buildRules = (
			);
			dependencies = (
				89A39111207049000095EEB4 /* PBXTargetDependency */,
			);
			name = mapsearchTests;
			productName = mapsearchTests;
			productReference = 89A3910F207049000095EEB4 /* mapsearchTests.xctest */;
			productType = "com.apple.product-type.bundle.unit-test";
		};
		89A39119207049000095EEB4 /* mapsearchUITests */ = {
			isa = PBXNativeTarget;
			buildConfigurationList = 89A39129207049000095EEB4 /* Build configuration list for PBXNativeTarget "mapsearchUITests" */;
			buildPhases = (
				ABD63C1691ADA0774E9C51A9 /* [CP] Check Pods Manifest.lock */,
				89A39116207049000095EEB4 /* Sources */,
				89A39117207049000095EEB4 /* Frameworks */,
				89A39118207049000095EEB4 /* Resources */,
				421DB942D7D64A590C60B67F /* [CP] Embed Pods Frameworks */,
				DE02B205CBEE9D6AC2FD5CA2 /* [CP] Copy Pods Resources */,
			);
			buildRules = (
			);
			dependencies = (
				89A3911C207049000095EEB4 /* PBXTargetDependency */,
			);
			name = mapsearchUITests;
			productName = mapsearchUITests;
			productReference = 89A3911A207049000095EEB4 /* mapsearchUITests.xctest */;
			productType = "com.apple.product-type.bundle.ui-testing";
		};
/* End PBXNativeTarget section */

/* Begin PBXProject section */
		89A390F1207048FF0095EEB4 /* Project object */ = {
			isa = PBXProject;
			attributes = {
				LastSwiftUpdateCheck = 0930;
				LastUpgradeCheck = 0930;
				ORGANIZATIONNAME = "Seraphin DESUMEUR";
				TargetAttributes = {
					89A390F8207048FF0095EEB4 = {
						CreatedOnToolsVersion = 9.3;
					};
					89A3910E207049000095EEB4 = {
						CreatedOnToolsVersion = 9.3;
						TestTargetID = 89A390F8207048FF0095EEB4;
					};
					89A39119207049000095EEB4 = {
						CreatedOnToolsVersion = 9.3;
						TestTargetID = 89A390F8207048FF0095EEB4;
					};
				};
			};
			buildConfigurationList = 89A390F4207048FF0095EEB4 /* Build configuration list for PBXProject "mapsearch" */;
			compatibilityVersion = "Xcode 9.3";
			developmentRegion = en;
			hasScannedForEncodings = 0;
			knownRegions = (
				en,
				Base,
				fr,
			);
			mainGroup = 89A390F0207048FF0095EEB4;
			productRefGroup = 89A390FA207048FF0095EEB4 /* Products */;
			projectDirPath = "";
			projectRoot = "";
			targets = (
				89A390F8207048FF0095EEB4 /* mapsearch */,
				89A3910E207049000095EEB4 /* mapsearchTests */,
				89A39119207049000095EEB4 /* mapsearchUITests */,
			);
		};
/* End PBXProject section */

/* Begin PBXResourcesBuildPhase section */
		89A390F7207048FF0095EEB4 /* Resources */ = {
			isa = PBXResourcesBuildPhase;
			buildActionMask = 2147483647;
			files = (
				89A39109207049000095EEB4 /* LaunchScreen.storyboard in Resources */,
				89E9303A20763EDC00DAE3B7 /* Localizable.strings in Resources */,
				89A39106207049000095EEB4 /* Assets.xcassets in Resources */,
				89A39104207048FF0095EEB4 /* Main.storyboard in Resources */,
			);
			runOnlyForDeploymentPostprocessing = 0;
		};
		89A3910D207049000095EEB4 /* Resources */ = {
			isa = PBXResourcesBuildPhase;
			buildActionMask = 2147483647;
			files = (
			);
			runOnlyForDeploymentPostprocessing = 0;
		};
		89A39118207049000095EEB4 /* Resources */ = {
			isa = PBXResourcesBuildPhase;
			buildActionMask = 2147483647;
			files = (
			);
			runOnlyForDeploymentPostprocessing = 0;
		};
/* End PBXResourcesBuildPhase section */

/* Begin PBXShellScriptBuildPhase section */
		1F9131787E1AD21314C6A3E7 /* [CP] Check Pods Manifest.lock */ = {
			isa = PBXShellScriptBuildPhase;
			buildActionMask = 2147483647;
			files = (
			);
			inputPaths = (
				"${PODS_PODFILE_DIR_PATH}/Podfile.lock",
				"${PODS_ROOT}/Manifest.lock",
			);
			name = "[CP] Check Pods Manifest.lock";
			outputPaths = (
				"$(DERIVED_FILE_DIR)/Pods-mapsearchTests-checkManifestLockResult.txt",
			);
			runOnlyForDeploymentPostprocessing = 0;
			shellPath = /bin/sh;
			shellScript = "diff \"${PODS_PODFILE_DIR_PATH}/Podfile.lock\" \"${PODS_ROOT}/Manifest.lock\" > /dev/null\nif [ $? != 0 ] ; then\n    # print error to STDERR\n    echo \"error: The sandbox is not in sync with the Podfile.lock. Run 'pod install' or update your CocoaPods installation.\" >&2\n    exit 1\nfi\n# This output is used by Xcode 'outputs' to avoid re-running this script phase.\necho \"SUCCESS\" > \"${SCRIPT_OUTPUT_FILE_0}\"\n";
			showEnvVarsInLog = 0;
		};
		32F62546983BADBF06254590 /* [CP] Check Pods Manifest.lock */ = {
			isa = PBXShellScriptBuildPhase;
			buildActionMask = 2147483647;
			files = (
			);
			inputPaths = (
				"${PODS_PODFILE_DIR_PATH}/Podfile.lock",
				"${PODS_ROOT}/Manifest.lock",
			);
			name = "[CP] Check Pods Manifest.lock";
			outputPaths = (
				"$(DERIVED_FILE_DIR)/Pods-mapsearch-checkManifestLockResult.txt",
			);
			runOnlyForDeploymentPostprocessing = 0;
			shellPath = /bin/sh;
			shellScript = "diff \"${PODS_PODFILE_DIR_PATH}/Podfile.lock\" \"${PODS_ROOT}/Manifest.lock\" > /dev/null\nif [ $? != 0 ] ; then\n    # print error to STDERR\n    echo \"error: The sandbox is not in sync with the Podfile.lock. Run 'pod install' or update your CocoaPods installation.\" >&2\n    exit 1\nfi\n# This output is used by Xcode 'outputs' to avoid re-running this script phase.\necho \"SUCCESS\" > \"${SCRIPT_OUTPUT_FILE_0}\"\n";
			showEnvVarsInLog = 0;
		};
		421DB942D7D64A590C60B67F /* [CP] Embed Pods Frameworks */ = {
			isa = PBXShellScriptBuildPhase;
			buildActionMask = 2147483647;
			files = (
			);
			inputPaths = (
			);
			name = "[CP] Embed Pods Frameworks";
			outputPaths = (
			);
			runOnlyForDeploymentPostprocessing = 0;
			shellPath = /bin/sh;
			shellScript = "\"${SRCROOT}/Pods/Target Support Files/Pods-mapsearchUITests/Pods-mapsearchUITests-frameworks.sh\"\n";
			showEnvVarsInLog = 0;
		};
		5229013B71647DB7381B8125 /* [CP] Embed Pods Frameworks */ = {
			isa = PBXShellScriptBuildPhase;
			buildActionMask = 2147483647;
			files = (
			);
			inputPaths = (
				"${SRCROOT}/Pods/Target Support Files/Pods-mapsearch/Pods-mapsearch-frameworks.sh",
				"${BUILT_PRODUCTS_DIR}/Hero/Hero.framework",
				"${PODS_ROOT}/Mapbox-iOS-SDK/dynamic/Mapbox.framework",
				"${PODS_ROOT}/Mapbox-iOS-SDK/dynamic/Mapbox.framework.dSYM",
				"${BUILT_PRODUCTS_DIR}/MapboxGeocoder.swift/MapboxGeocoder.framework",
			);
			name = "[CP] Embed Pods Frameworks";
			outputPaths = (
				"${TARGET_BUILD_DIR}/${FRAMEWORKS_FOLDER_PATH}/Hero.framework",
				"${TARGET_BUILD_DIR}/${FRAMEWORKS_FOLDER_PATH}/Mapbox.framework",
				"${DWARF_DSYM_FOLDER_PATH}/Mapbox.framework.dSYM",
				"${TARGET_BUILD_DIR}/${FRAMEWORKS_FOLDER_PATH}/MapboxGeocoder.framework",
			);
			runOnlyForDeploymentPostprocessing = 0;
			shellPath = /bin/sh;
			shellScript = "\"${SRCROOT}/Pods/Target Support Files/Pods-mapsearch/Pods-mapsearch-frameworks.sh\"\n";
			showEnvVarsInLog = 0;
		};
		7B54EAE3EFFE018C377C93DC /* [CP] Copy Pods Resources */ = {
			isa = PBXShellScriptBuildPhase;
			buildActionMask = 2147483647;
			files = (
			);
			inputPaths = (
			);
			name = "[CP] Copy Pods Resources";
			outputPaths = (
			);
			runOnlyForDeploymentPostprocessing = 0;
			shellPath = /bin/sh;
			shellScript = "\"${SRCROOT}/Pods/Target Support Files/Pods-mapsearch/Pods-mapsearch-resources.sh\"\n";
			showEnvVarsInLog = 0;
		};
		8717610F95EC4CF43B4B5EC0 /* [CP] Copy Pods Resources */ = {
			isa = PBXShellScriptBuildPhase;
			buildActionMask = 2147483647;
			files = (
			);
			inputPaths = (
			);
			name = "[CP] Copy Pods Resources";
			outputPaths = (
			);
			runOnlyForDeploymentPostprocessing = 0;
			shellPath = /bin/sh;
			shellScript = "\"${SRCROOT}/Pods/Target Support Files/Pods-mapsearchTests/Pods-mapsearchTests-resources.sh\"\n";
			showEnvVarsInLog = 0;
		};
		ABD63C1691ADA0774E9C51A9 /* [CP] Check Pods Manifest.lock */ = {
			isa = PBXShellScriptBuildPhase;
			buildActionMask = 2147483647;
			files = (
			);
			inputPaths = (
				"${PODS_PODFILE_DIR_PATH}/Podfile.lock",
				"${PODS_ROOT}/Manifest.lock",
			);
			name = "[CP] Check Pods Manifest.lock";
			outputPaths = (
				"$(DERIVED_FILE_DIR)/Pods-mapsearchUITests-checkManifestLockResult.txt",
			);
			runOnlyForDeploymentPostprocessing = 0;
			shellPath = /bin/sh;
			shellScript = "diff \"${PODS_PODFILE_DIR_PATH}/Podfile.lock\" \"${PODS_ROOT}/Manifest.lock\" > /dev/null\nif [ $? != 0 ] ; then\n    # print error to STDERR\n    echo \"error: The sandbox is not in sync with the Podfile.lock. Run 'pod install' or update your CocoaPods installation.\" >&2\n    exit 1\nfi\n# This output is used by Xcode 'outputs' to avoid re-running this script phase.\necho \"SUCCESS\" > \"${SCRIPT_OUTPUT_FILE_0}\"\n";
			showEnvVarsInLog = 0;
		};
		DE02B205CBEE9D6AC2FD5CA2 /* [CP] Copy Pods Resources */ = {
			isa = PBXShellScriptBuildPhase;
			buildActionMask = 2147483647;
			files = (
			);
			inputPaths = (
			);
			name = "[CP] Copy Pods Resources";
			outputPaths = (
			);
			runOnlyForDeploymentPostprocessing = 0;
			shellPath = /bin/sh;
			shellScript = "\"${SRCROOT}/Pods/Target Support Files/Pods-mapsearchUITests/Pods-mapsearchUITests-resources.sh\"\n";
			showEnvVarsInLog = 0;
		};
		F11E758B8442B9F8391C8A46 /* [CP] Embed Pods Frameworks */ = {
			isa = PBXShellScriptBuildPhase;
			buildActionMask = 2147483647;
			files = (
			);
			inputPaths = (
			);
			name = "[CP] Embed Pods Frameworks";
			outputPaths = (
			);
			runOnlyForDeploymentPostprocessing = 0;
			shellPath = /bin/sh;
			shellScript = "\"${SRCROOT}/Pods/Target Support Files/Pods-mapsearchTests/Pods-mapsearchTests-frameworks.sh\"\n";
			showEnvVarsInLog = 0;
		};
/* End PBXShellScriptBuildPhase section */

/* Begin PBXSourcesBuildPhase section */
		89A390F5207048FF0095EEB4 /* Sources */ = {
			isa = PBXSourcesBuildPhase;
			buildActionMask = 2147483647;
			files = (
				890E10282071855100C903C3 /* DataManager.swift in Sources */,
				89A39101207048FF0095EEB4 /* MapViewController.swift in Sources */,
				89762B3920710AAA001AE3E7 /* Location.swift in Sources */,
				890E102E2071A6C900C903C3 /* UIView+Animate.swift in Sources */,
				89A390FD207048FF0095EEB4 /* AppDelegate.swift in Sources */,
				89DCCDDC20718082002EA345 /* LocationService.swift in Sources */,
				89A3912F20704EF80095EEB4 /* R.swift in Sources */,
				89C18E0820756A4900A5A58B /* MapView.swift in Sources */,
				89DCCDDA20717D1A002EA345 /* LocationTableViewCell.swift in Sources */,
				89E9303F20763EF800DAE3B7 /* String+Localized.swift in Sources */,
				890E10302071AFE200C903C3 /* LocationStorage.swift in Sources */,
				89762B7A20711C30001AE3E7 /* UIView+Utils.swift in Sources */,
				89762B3C20711198001AE3E7 /* UIViewController+PresentAlert.swift in Sources */,
				89762B8120713B28001AE3E7 /* BlurredUIView.swift in Sources */,
				89DCCDD62071467F002EA345 /* SearchLocationViewController.swift in Sources */,
			);
			runOnlyForDeploymentPostprocessing = 0;
		};
		89A3910B207049000095EEB4 /* Sources */ = {
			isa = PBXSourcesBuildPhase;
			buildActionMask = 2147483647;
			files = (
				89A39114207049000095EEB4 /* mapsearchTests.swift in Sources */,
			);
			runOnlyForDeploymentPostprocessing = 0;
		};
		89A39116207049000095EEB4 /* Sources */ = {
			isa = PBXSourcesBuildPhase;
			buildActionMask = 2147483647;
			files = (
				89A3911F207049000095EEB4 /* mapsearchUITests.swift in Sources */,
			);
			runOnlyForDeploymentPostprocessing = 0;
		};
/* End PBXSourcesBuildPhase section */

/* Begin PBXTargetDependency section */
		89A39111207049000095EEB4 /* PBXTargetDependency */ = {
			isa = PBXTargetDependency;
			target = 89A390F8207048FF0095EEB4 /* mapsearch */;
			targetProxy = 89A39110207049000095EEB4 /* PBXContainerItemProxy */;
		};
		89A3911C207049000095EEB4 /* PBXTargetDependency */ = {
			isa = PBXTargetDependency;
			target = 89A390F8207048FF0095EEB4 /* mapsearch */;
			targetProxy = 89A3911B207049000095EEB4 /* PBXContainerItemProxy */;
		};
/* End PBXTargetDependency section */

/* Begin PBXVariantGroup section */
		89A39102207048FF0095EEB4 /* Main.storyboard */ = {
			isa = PBXVariantGroup;
			children = (
				89A39103207048FF0095EEB4 /* Base */,
				89E9303820763ED500DAE3B7 /* fr */,
			);
			name = Main.storyboard;
			sourceTree = "<group>";
		};
		89A39107207049000095EEB4 /* LaunchScreen.storyboard */ = {
			isa = PBXVariantGroup;
			children = (
				89A39108207049000095EEB4 /* Base */,
				89E9303920763ED600DAE3B7 /* fr */,
			);
			name = LaunchScreen.storyboard;
			sourceTree = "<group>";
		};
		89E9303C20763EDC00DAE3B7 /* Localizable.strings */ = {
			isa = PBXVariantGroup;
			children = (
				89E9303B20763EDC00DAE3B7 /* en */,
				89E9303D20763EDF00DAE3B7 /* fr */,
			);
			name = Localizable.strings;
			sourceTree = "<group>";
		};
/* End PBXVariantGroup section */

/* Begin XCBuildConfiguration section */
		89A39121207049000095EEB4 /* Debug */ = {
			isa = XCBuildConfiguration;
			buildSettings = {
				ALWAYS_SEARCH_USER_PATHS = NO;
				CLANG_ANALYZER_LOCALIZABILITY_NONLOCALIZED = YES;
				CLANG_ANALYZER_NONNULL = YES;
				CLANG_ANALYZER_NUMBER_OBJECT_CONVERSION = YES_AGGRESSIVE;
				CLANG_CXX_LANGUAGE_STANDARD = "gnu++14";
				CLANG_CXX_LIBRARY = "libc++";
				CLANG_ENABLE_MODULES = YES;
				CLANG_ENABLE_OBJC_ARC = YES;
				CLANG_ENABLE_OBJC_WEAK = YES;
				CLANG_WARN_BLOCK_CAPTURE_AUTORELEASING = YES;
				CLANG_WARN_BOOL_CONVERSION = YES;
				CLANG_WARN_COMMA = YES;
				CLANG_WARN_CONSTANT_CONVERSION = YES;
				CLANG_WARN_DEPRECATED_OBJC_IMPLEMENTATIONS = YES;
				CLANG_WARN_DIRECT_OBJC_ISA_USAGE = YES_ERROR;
				CLANG_WARN_DOCUMENTATION_COMMENTS = YES;
				CLANG_WARN_EMPTY_BODY = YES;
				CLANG_WARN_ENUM_CONVERSION = YES;
				CLANG_WARN_INFINITE_RECURSION = YES;
				CLANG_WARN_INT_CONVERSION = YES;
				CLANG_WARN_NON_LITERAL_NULL_CONVERSION = YES;
				CLANG_WARN_OBJC_IMPLICIT_RETAIN_SELF = YES;
				CLANG_WARN_OBJC_LITERAL_CONVERSION = YES;
				CLANG_WARN_OBJC_ROOT_CLASS = YES_ERROR;
				CLANG_WARN_RANGE_LOOP_ANALYSIS = YES;
				CLANG_WARN_STRICT_PROTOTYPES = YES;
				CLANG_WARN_SUSPICIOUS_MOVE = YES;
				CLANG_WARN_UNGUARDED_AVAILABILITY = YES_AGGRESSIVE;
				CLANG_WARN_UNREACHABLE_CODE = YES;
				CLANG_WARN__DUPLICATE_METHOD_MATCH = YES;
				CODE_SIGN_IDENTITY = "iPhone Developer";
				COPY_PHASE_STRIP = NO;
				DEBUG_INFORMATION_FORMAT = dwarf;
				ENABLE_STRICT_OBJC_MSGSEND = YES;
				ENABLE_TESTABILITY = YES;
				GCC_C_LANGUAGE_STANDARD = gnu11;
				GCC_DYNAMIC_NO_PIC = NO;
				GCC_NO_COMMON_BLOCKS = YES;
				GCC_OPTIMIZATION_LEVEL = 0;
				GCC_PREPROCESSOR_DEFINITIONS = (
					"DEBUG=1",
					"$(inherited)",
				);
				GCC_WARN_64_TO_32_BIT_CONVERSION = YES;
				GCC_WARN_ABOUT_RETURN_TYPE = YES_ERROR;
				GCC_WARN_UNDECLARED_SELECTOR = YES;
				GCC_WARN_UNINITIALIZED_AUTOS = YES_AGGRESSIVE;
				GCC_WARN_UNUSED_FUNCTION = YES;
				GCC_WARN_UNUSED_VARIABLE = YES;
				IPHONEOS_DEPLOYMENT_TARGET = 11.3;
				MTL_ENABLE_DEBUG_INFO = YES;
				ONLY_ACTIVE_ARCH = YES;
				SDKROOT = iphoneos;
				SWIFT_ACTIVE_COMPILATION_CONDITIONS = DEBUG;
				SWIFT_OPTIMIZATION_LEVEL = "-Onone";
			};
			name = Debug;
		};
		89A39122207049000095EEB4 /* Release */ = {
			isa = XCBuildConfiguration;
			buildSettings = {
				ALWAYS_SEARCH_USER_PATHS = NO;
				CLANG_ANALYZER_LOCALIZABILITY_NONLOCALIZED = YES;
				CLANG_ANALYZER_NONNULL = YES;
				CLANG_ANALYZER_NUMBER_OBJECT_CONVERSION = YES_AGGRESSIVE;
				CLANG_CXX_LANGUAGE_STANDARD = "gnu++14";
				CLANG_CXX_LIBRARY = "libc++";
				CLANG_ENABLE_MODULES = YES;
				CLANG_ENABLE_OBJC_ARC = YES;
				CLANG_ENABLE_OBJC_WEAK = YES;
				CLANG_WARN_BLOCK_CAPTURE_AUTORELEASING = YES;
				CLANG_WARN_BOOL_CONVERSION = YES;
				CLANG_WARN_COMMA = YES;
				CLANG_WARN_CONSTANT_CONVERSION = YES;
				CLANG_WARN_DEPRECATED_OBJC_IMPLEMENTATIONS = YES;
				CLANG_WARN_DIRECT_OBJC_ISA_USAGE = YES_ERROR;
				CLANG_WARN_DOCUMENTATION_COMMENTS = YES;
				CLANG_WARN_EMPTY_BODY = YES;
				CLANG_WARN_ENUM_CONVERSION = YES;
				CLANG_WARN_INFINITE_RECURSION = YES;
				CLANG_WARN_INT_CONVERSION = YES;
				CLANG_WARN_NON_LITERAL_NULL_CONVERSION = YES;
				CLANG_WARN_OBJC_IMPLICIT_RETAIN_SELF = YES;
				CLANG_WARN_OBJC_LITERAL_CONVERSION = YES;
				CLANG_WARN_OBJC_ROOT_CLASS = YES_ERROR;
				CLANG_WARN_RANGE_LOOP_ANALYSIS = YES;
				CLANG_WARN_STRICT_PROTOTYPES = YES;
				CLANG_WARN_SUSPICIOUS_MOVE = YES;
				CLANG_WARN_UNGUARDED_AVAILABILITY = YES_AGGRESSIVE;
				CLANG_WARN_UNREACHABLE_CODE = YES;
				CLANG_WARN__DUPLICATE_METHOD_MATCH = YES;
				CODE_SIGN_IDENTITY = "iPhone Developer";
				COPY_PHASE_STRIP = NO;
				DEBUG_INFORMATION_FORMAT = "dwarf-with-dsym";
				ENABLE_NS_ASSERTIONS = NO;
				ENABLE_STRICT_OBJC_MSGSEND = YES;
				GCC_C_LANGUAGE_STANDARD = gnu11;
				GCC_NO_COMMON_BLOCKS = YES;
				GCC_WARN_64_TO_32_BIT_CONVERSION = YES;
				GCC_WARN_ABOUT_RETURN_TYPE = YES_ERROR;
				GCC_WARN_UNDECLARED_SELECTOR = YES;
				GCC_WARN_UNINITIALIZED_AUTOS = YES_AGGRESSIVE;
				GCC_WARN_UNUSED_FUNCTION = YES;
				GCC_WARN_UNUSED_VARIABLE = YES;
				IPHONEOS_DEPLOYMENT_TARGET = 11.3;
				MTL_ENABLE_DEBUG_INFO = NO;
				SDKROOT = iphoneos;
				SWIFT_COMPILATION_MODE = wholemodule;
				SWIFT_OPTIMIZATION_LEVEL = "-O";
				VALIDATE_PRODUCT = YES;
			};
			name = Release;
		};
		89A39124207049000095EEB4 /* Debug */ = {
			isa = XCBuildConfiguration;
			baseConfigurationReference = 4137A82F435B99C7271246AC /* Pods-mapsearch.debug.xcconfig */;
			buildSettings = {
				ASSETCATALOG_COMPILER_APPICON_NAME = AppIcon;
				CODE_SIGN_STYLE = Automatic;
				DEVELOPMENT_TEAM = E3MCCN9MF9;
				INFOPLIST_FILE = mapsearch/Info.plist;
				LD_RUNPATH_SEARCH_PATHS = (
					"$(inherited)",
					"@executable_path/Frameworks",
				);
				PRODUCT_BUNDLE_IDENTIFIER = fr.poc.seraphindesumeur.mapsearch;
				PRODUCT_NAME = "$(TARGET_NAME)";
				SWIFT_VERSION = 4.0;
				TARGETED_DEVICE_FAMILY = "1,2";
			};
			name = Debug;
		};
		89A39125207049000095EEB4 /* Release */ = {
			isa = XCBuildConfiguration;
			baseConfigurationReference = D6ED715AC29D4FD3A41FC0B9 /* Pods-mapsearch.release.xcconfig */;
			buildSettings = {
				ASSETCATALOG_COMPILER_APPICON_NAME = AppIcon;
				CODE_SIGN_STYLE = Automatic;
				DEVELOPMENT_TEAM = E3MCCN9MF9;
				INFOPLIST_FILE = mapsearch/Info.plist;
				LD_RUNPATH_SEARCH_PATHS = (
					"$(inherited)",
					"@executable_path/Frameworks",
				);
				PRODUCT_BUNDLE_IDENTIFIER = fr.poc.seraphindesumeur.mapsearch;
				PRODUCT_NAME = "$(TARGET_NAME)";
				SWIFT_VERSION = 4.0;
				TARGETED_DEVICE_FAMILY = "1,2";
			};
			name = Release;
		};
		89A39127207049000095EEB4 /* Debug */ = {
			isa = XCBuildConfiguration;
			baseConfigurationReference = 420E00D6C3F01B4272271922 /* Pods-mapsearchTests.debug.xcconfig */;
			buildSettings = {
				ALWAYS_EMBED_SWIFT_STANDARD_LIBRARIES = YES;
				BUNDLE_LOADER = "$(TEST_HOST)";
				CODE_SIGN_STYLE = Automatic;
				DEVELOPMENT_TEAM = E3MCCN9MF9;
				INFOPLIST_FILE = mapsearchTests/Info.plist;
				LD_RUNPATH_SEARCH_PATHS = (
					"$(inherited)",
					"@executable_path/Frameworks",
					"@loader_path/Frameworks",
				);
				PRODUCT_BUNDLE_IDENTIFIER = fr.poc.seraphindesumeur.mapsearchTests;
				PRODUCT_NAME = "$(TARGET_NAME)";
				SWIFT_VERSION = 4.0;
				TARGETED_DEVICE_FAMILY = "1,2";
				TEST_HOST = "$(BUILT_PRODUCTS_DIR)/mapsearch.app/mapsearch";
			};
			name = Debug;
		};
		89A39128207049000095EEB4 /* Release */ = {
			isa = XCBuildConfiguration;
			baseConfigurationReference = 39BD5A367A54816EAB4637DB /* Pods-mapsearchTests.release.xcconfig */;
			buildSettings = {
				ALWAYS_EMBED_SWIFT_STANDARD_LIBRARIES = YES;
				BUNDLE_LOADER = "$(TEST_HOST)";
				CODE_SIGN_STYLE = Automatic;
				DEVELOPMENT_TEAM = E3MCCN9MF9;
				INFOPLIST_FILE = mapsearchTests/Info.plist;
				LD_RUNPATH_SEARCH_PATHS = (
					"$(inherited)",
					"@executable_path/Frameworks",
					"@loader_path/Frameworks",
				);
				PRODUCT_BUNDLE_IDENTIFIER = fr.poc.seraphindesumeur.mapsearchTests;
				PRODUCT_NAME = "$(TARGET_NAME)";
				SWIFT_VERSION = 4.0;
				TARGETED_DEVICE_FAMILY = "1,2";
				TEST_HOST = "$(BUILT_PRODUCTS_DIR)/mapsearch.app/mapsearch";
			};
			name = Release;
		};
		89A3912A207049000095EEB4 /* Debug */ = {
			isa = XCBuildConfiguration;
			baseConfigurationReference = D7B95DFF88255E1FE14C08FD /* Pods-mapsearchUITests.debug.xcconfig */;
			buildSettings = {
				ALWAYS_EMBED_SWIFT_STANDARD_LIBRARIES = YES;
				CODE_SIGN_STYLE = Automatic;
				DEVELOPMENT_TEAM = E3MCCN9MF9;
				INFOPLIST_FILE = mapsearchUITests/Info.plist;
				LD_RUNPATH_SEARCH_PATHS = (
					"$(inherited)",
					"@executable_path/Frameworks",
					"@loader_path/Frameworks",
				);
				PRODUCT_BUNDLE_IDENTIFIER = fr.poc.seraphindesumeur.mapsearchUITests;
				PRODUCT_NAME = "$(TARGET_NAME)";
				SWIFT_VERSION = 4.0;
				TARGETED_DEVICE_FAMILY = "1,2";
				TEST_TARGET_NAME = mapsearch;
			};
			name = Debug;
		};
		89A3912B207049000095EEB4 /* Release */ = {
			isa = XCBuildConfiguration;
			baseConfigurationReference = 9B2F8F900B28413743817D06 /* Pods-mapsearchUITests.release.xcconfig */;
			buildSettings = {
				ALWAYS_EMBED_SWIFT_STANDARD_LIBRARIES = YES;
				CODE_SIGN_STYLE = Automatic;
				DEVELOPMENT_TEAM = E3MCCN9MF9;
				INFOPLIST_FILE = mapsearchUITests/Info.plist;
				LD_RUNPATH_SEARCH_PATHS = (
					"$(inherited)",
					"@executable_path/Frameworks",
					"@loader_path/Frameworks",
				);
				PRODUCT_BUNDLE_IDENTIFIER = fr.poc.seraphindesumeur.mapsearchUITests;
				PRODUCT_NAME = "$(TARGET_NAME)";
				SWIFT_VERSION = 4.0;
				TARGETED_DEVICE_FAMILY = "1,2";
				TEST_TARGET_NAME = mapsearch;
			};
			name = Release;
		};
/* End XCBuildConfiguration section */

/* Begin XCConfigurationList section */
		89A390F4207048FF0095EEB4 /* Build configuration list for PBXProject "mapsearch" */ = {
			isa = XCConfigurationList;
			buildConfigurations = (
				89A39121207049000095EEB4 /* Debug */,
				89A39122207049000095EEB4 /* Release */,
			);
			defaultConfigurationIsVisible = 0;
			defaultConfigurationName = Release;
		};
		89A39123207049000095EEB4 /* Build configuration list for PBXNativeTarget "mapsearch" */ = {
			isa = XCConfigurationList;
			buildConfigurations = (
				89A39124207049000095EEB4 /* Debug */,
				89A39125207049000095EEB4 /* Release */,
			);
			defaultConfigurationIsVisible = 0;
			defaultConfigurationName = Release;
		};
		89A39126207049000095EEB4 /* Build configuration list for PBXNativeTarget "mapsearchTests" */ = {
			isa = XCConfigurationList;
			buildConfigurations = (
				89A39127207049000095EEB4 /* Debug */,
				89A39128207049000095EEB4 /* Release */,
			);
			defaultConfigurationIsVisible = 0;
			defaultConfigurationName = Release;
		};
		89A39129207049000095EEB4 /* Build configuration list for PBXNativeTarget "mapsearchUITests" */ = {
			isa = XCConfigurationList;
			buildConfigurations = (
				89A3912A207049000095EEB4 /* Debug */,
				89A3912B207049000095EEB4 /* Release */,
			);
			defaultConfigurationIsVisible = 0;
			defaultConfigurationName = Release;
		};
/* End XCConfigurationList section */
	};
	rootObject = 89A390F1207048FF0095EEB4 /* Project object */;
}
